
Microsoft Visual Studio Solution File, Format Version 12.00
# Visual Studio Version 17
VisualStudioVersion = 17.9.34622.214
MinimumVisualStudioVersion = 10.0.40219.1
Project("{FAE04EC0-301F-11D3-BF4B-00C04F79EFBC}") = "Greengrocery", "Greengrocery\Greengrocery.csproj", "{9A714711-E7E4-431C-BF5C-6943AF192BE0}"
EndProject
Project("{FAE04EC0-301F-11D3-BF4B-00C04F79EFBC}") = "GreengroceryTest", "GreengroceryTest\GreengroceryTest.csproj", "{3AAD184F-6E89-4EE3-B228-3C5AC90FD57A}"
EndProject
Global
	GlobalSection(SolutionConfigurationPlatforms) = preSolution
		Debug|Any CPU = Debug|Any CPU
		Release|Any CPU = Release|Any CPU
	EndGlobalSection
	GlobalSection(ProjectConfigurationPlatforms) = postSolution
		{9A714711-E7E4-431C-BF5C-6943AF192BE0}.Debug|Any CPU.ActiveCfg = Debug|Any CPU
		{9A714711-E7E4-431C-BF5C-6943AF192BE0}.Debug|Any CPU.Build.0 = Debug|Any CPU
		{9A714711-E7E4-431C-BF5C-6943AF192BE0}.Release|Any CPU.ActiveCfg = Release|Any CPU
		{9A714711-E7E4-431C-BF5C-6943AF192BE0}.Release|Any CPU.Build.0 = Release|Any CPU
		{3AAD184F-6E89-4EE3-B228-3C5AC90FD57A}.Debug|Any CPU.ActiveCfg = Debug|Any CPU
		{3AAD184F-6E89-4EE3-B228-3C5AC90FD57A}.Debug|Any CPU.Build.0 = Debug|Any CPU
		{3AAD184F-6E89-4EE3-B228-3C5AC90FD57A}.Release|Any CPU.ActiveCfg = Release|Any CPU
		{3AAD184F-6E89-4EE3-B228-3C5AC90FD57A}.Release|Any CPU.Build.0 = Release|Any CPU
	EndGlobalSection
	GlobalSection(SolutionProperties) = preSolution
		HideSolutionNode = FALSE
	EndGlobalSection
	GlobalSection(ExtensibilityGlobals) = postSolution
		SolutionGuid = {B64D0BEB-102C-43DA-B66D-B3491E1208DD}
	EndGlobalSection
EndGlobal
