
Microsoft Visual Studio Solution File, Format Version 12.00
# Visual Studio Version 17
VisualStudioVersion = 17.9.34622.214
MinimumVisualStudioVersion = 10.0.40219.1
Project("{FAE04EC0-301F-11D3-BF4B-00C04F79EFBC}") = "Calculator", "Calculator\Calculator.csproj", "{ACC142E3-1B71-4E9C-8490-7586CFE3A44A}"
EndProject
Project("{FAE04EC0-301F-11D3-BF4B-00C04F79EFBC}") = "CalculatorTest", "CalculatorTest\CalculatorTest.csproj", "{FBBEE2FB-DD19-439D-A72B-A3453AF804F0}"
EndProject
Global
	GlobalSection(SolutionConfigurationPlatforms) = preSolution
		Debug|Any CPU = Debug|Any CPU
		Release|Any CPU = Release|Any CPU
	EndGlobalSection
	GlobalSection(ProjectConfigurationPlatforms) = postSolution
		{ACC142E3-1B71-4E9C-8490-7586CFE3A44A}.Debug|Any CPU.ActiveCfg = Debug|Any CPU
		{ACC142E3-1B71-4E9C-8490-7586CFE3A44A}.Debug|Any CPU.Build.0 = Debug|Any CPU
		{ACC142E3-1B71-4E9C-8490-7586CFE3A44A}.Release|Any CPU.ActiveCfg = Release|Any CPU
		{ACC142E3-1B71-4E9C-8490-7586CFE3A44A}.Release|Any CPU.Build.0 = Release|Any CPU
		{FBBEE2FB-DD19-439D-A72B-A3453AF804F0}.Debug|Any CPU.ActiveCfg = Debug|Any CPU
		{FBBEE2FB-DD19-439D-A72B-A3453AF804F0}.Debug|Any CPU.Build.0 = Debug|Any CPU
		{FBBEE2FB-DD19-439D-A72B-A3453AF804F0}.Release|Any CPU.ActiveCfg = Release|Any CPU
		{FBBEE2FB-DD19-439D-A72B-A3453AF804F0}.Release|Any CPU.Build.0 = Release|Any CPU
	EndGlobalSection
	GlobalSection(SolutionProperties) = preSolution
		HideSolutionNode = FALSE
	EndGlobalSection
	GlobalSection(ExtensibilityGlobals) = postSolution
		SolutionGuid = {D8C9C5C4-6011-4D61-9A7B-87F45D5280B1}
	EndGlobalSection
EndGlobal
